PODS:
  - AppNexusTVOSSDK (2.0.7)

DEPENDENCIES:
  - AppNexusTVOSSDK (~> 2.0.7)

SPEC REPOS:
  https://github.com/cocoapods/specs.git:
    - AppNexusTVOSSDK

SPEC CHECKSUMS:
  AppNexusTVOSSDK: 4a8e90c91f09c281c915ef623bc71579f85fc535

PODFILE CHECKSUM: 0e38330579399978bd113ace15c199fd7a773c52

COCOAPODS: 1.5.3
